<Project xmlns="http://schemas.microsoft.com/developer/msbuild/2003">
    <PropertyGroup>
        <ProjectGuid>{ABCDEF12-3456-7890-ABCD-123456789DEF}</ProjectGuid>
        <MainSource>TestProject2.dpr</MainSource>
        <Config Condition="'$(Config)'==''">Debug</Config>
        <DCC_DCCCompiler>DCC32</DCC_DCCCompiler>
        <ProjectVersion>18.2</ProjectVersion>
    </PropertyGroup>
    <PropertyGroup Condition="'$(Base)'!=''">
        <DCC_Namespace>System;Xml;Data;Datasnap;Web;Soap;Winapi;$(DCC_Namespace)</DCC_Namespace>
        <DCC_UnitSearchPath>.\;$(DCC_UnitSearchPath)</DCC_UnitSearchPath>
        <DCC_IncludePath>.\;$(DCC_IncludePath)</DCC_IncludePath>
    </PropertyGroup>
    <ItemGroup>
        <DelphiCompile Include="$(MainSource)">
            <MainSource>MainSource</MainSource>
        </DelphiCompile>
    </ItemGroup>
</Project>
